
Microsoft Visual Studio Solution File, Format Version 12.00
Project("{2150E333-8FDC-42A3-9474-1A3956D46DE8}") = "Domain", "Domain", "{BECD2EA9-4850-4B57-91A3-8F14890A31F0}"
EndProject
Project("{2150E333-8FDC-42A3-9474-1A3956D46DE8}") = "Common", "Common", "{BE10101D-502B-4538-A400-69A501D55C39}"
EndProject
Project("{2150E333-8FDC-42A3-9474-1A3956D46DE8}") = "Application", "Application", "{8787BE9D-2F78-4104-A344-92DB24E3053A}"
EndProject
Project("{2150E333-8FDC-42A3-9474-1A3956D46DE8}") = "Api", "Api", "{24EF5727-B068-4C2A-9B01-A175670FFD38}"
EndProject
Project("{FAE04EC0-301F-11D3-BF4B-00C04F79EFBC}") = "ElGuayabot.Application.Contract", "ElGuayabot.Application.Contract\ElGuayabot.Application.Contract.csproj", "{0A83231E-6F28-4921-B89C-E286F2E4467A}"
EndProject
Project("{FAE04EC0-301F-11D3-BF4B-00C04F79EFBC}") = "ElGuayabot.Application.Implementation", "ElGuayabot.Application.Implementation\ElGuayabot.Application.Implementation.csproj", "{7E958A81-AF10-46BA-9E7E-094FF8236351}"
EndProject
Project("{2150E333-8FDC-42A3-9474-1A3956D46DE8}") = "Persistence", "Persistence", "{6F3CCC6A-ED74-4526-81BA-F21686DB2F05}"
EndProject
Project("{FAE04EC0-301F-11D3-BF4B-00C04F79EFBC}") = "ElGuayabot.Persistence.Contract", "ElGuayabot.Persistence.Contract\ElGuayabot.Persistence.Contract.csproj", "{29EF2FEC-9DBA-48AF-B443-F81E6C565AEA}"
EndProject
Project("{FAE04EC0-301F-11D3-BF4B-00C04F79EFBC}") = "ElGuayabot.Persistence.Implementation", "ElGuayabot.Persistence.Implementation\ElGuayabot.Persistence.Implementation.csproj", "{07D56A1B-73F3-415D-8A06-314ABC34358A}"
EndProject
Project("{FAE04EC0-301F-11D3-BF4B-00C04F79EFBC}") = "ElGuayabot.Api.WebApi", "ElGuayabot.Api.WebApi\ElGuayabot.Api.WebApi.csproj", "{489FEE39-CF3D-4CAF-90AD-D30E4F2D9DE0}"
EndProject
Project("{FAE04EC0-301F-11D3-BF4B-00C04F79EFBC}") = "ElGuayabot.Common.IoC", "ElGuayabot.Common.IoC\ElGuayabot.Common.IoC.csproj", "{92319BF3-9A6D-4C36-9FEC-96D55DC37F52}"
EndProject
Project("{FAE04EC0-301F-11D3-BF4B-00C04F79EFBC}") = "ElGuayabot.Domain", "ElGuayabot.Domain\ElGuayabot.Domain.csproj", "{9BE13E42-001E-462F-B7CB-FF6A8D52FAA1}"
EndProject
Project("{FAE04EC0-301F-11D3-BF4B-00C04F79EFBC}") = "ElGuayabot.Common", "ElGuayabot.Common\ElGuayabot.Common.csproj", "{8498F0FE-DB89-455B-A4A5-E49F86DA99A6}"
EndProject
Project("{FAE04EC0-301F-11D3-BF4B-00C04F79EFBC}") = "ElGuayabot.Domain.Entity", "ElGuayabot.Domain.Entity\ElGuayabot.Domain.Entity.csproj", "{D654BEF3-B705-4EDF-92E8-8A88A56B0CE1}"
EndProject
Global
	GlobalSection(SolutionConfigurationPlatforms) = preSolution
		Debug|Any CPU = Debug|Any CPU
		Release|Any CPU = Release|Any CPU
	EndGlobalSection
	GlobalSection(NestedProjects) = preSolution
		{0A83231E-6F28-4921-B89C-E286F2E4467A} = {8787BE9D-2F78-4104-A344-92DB24E3053A}
		{7E958A81-AF10-46BA-9E7E-094FF8236351} = {8787BE9D-2F78-4104-A344-92DB24E3053A}
		{29EF2FEC-9DBA-48AF-B443-F81E6C565AEA} = {6F3CCC6A-ED74-4526-81BA-F21686DB2F05}
		{07D56A1B-73F3-415D-8A06-314ABC34358A} = {6F3CCC6A-ED74-4526-81BA-F21686DB2F05}
		{489FEE39-CF3D-4CAF-90AD-D30E4F2D9DE0} = {24EF5727-B068-4C2A-9B01-A175670FFD38}
		{92319BF3-9A6D-4C36-9FEC-96D55DC37F52} = {BE10101D-502B-4538-A400-69A501D55C39}
		{9BE13E42-001E-462F-B7CB-FF6A8D52FAA1} = {BECD2EA9-4850-4B57-91A3-8F14890A31F0}
		{8498F0FE-DB89-455B-A4A5-E49F86DA99A6} = {BE10101D-502B-4538-A400-69A501D55C39}
		{D654BEF3-B705-4EDF-92E8-8A88A56B0CE1} = {BECD2EA9-4850-4B57-91A3-8F14890A31F0}
	EndGlobalSection
	GlobalSection(ProjectConfigurationPlatforms) = postSolution
		{0A83231E-6F28-4921-B89C-E286F2E4467A}.Debug|Any CPU.ActiveCfg = Debug|Any CPU
		{0A83231E-6F28-4921-B89C-E286F2E4467A}.Debug|Any CPU.Build.0 = Debug|Any CPU
		{0A83231E-6F28-4921-B89C-E286F2E4467A}.Release|Any CPU.ActiveCfg = Release|Any CPU
		{0A83231E-6F28-4921-B89C-E286F2E4467A}.Release|Any CPU.Build.0 = Release|Any CPU
		{7E958A81-AF10-46BA-9E7E-094FF8236351}.Debug|Any CPU.ActiveCfg = Debug|Any CPU
		{7E958A81-AF10-46BA-9E7E-094FF8236351}.Debug|Any CPU.Build.0 = Debug|Any CPU
		{7E958A81-AF10-46BA-9E7E-094FF8236351}.Release|Any CPU.ActiveCfg = Release|Any CPU
		{7E958A81-AF10-46BA-9E7E-094FF8236351}.Release|Any CPU.Build.0 = Release|Any CPU
		{29EF2FEC-9DBA-48AF-B443-F81E6C565AEA}.Debug|Any CPU.ActiveCfg = Debug|Any CPU
		{29EF2FEC-9DBA-48AF-B443-F81E6C565AEA}.Debug|Any CPU.Build.0 = Debug|Any CPU
		{29EF2FEC-9DBA-48AF-B443-F81E6C565AEA}.Release|Any CPU.ActiveCfg = Release|Any CPU
		{29EF2FEC-9DBA-48AF-B443-F81E6C565AEA}.Release|Any CPU.Build.0 = Release|Any CPU
		{07D56A1B-73F3-415D-8A06-314ABC34358A}.Debug|Any CPU.ActiveCfg = Debug|Any CPU
		{07D56A1B-73F3-415D-8A06-314ABC34358A}.Debug|Any CPU.Build.0 = Debug|Any CPU
		{07D56A1B-73F3-415D-8A06-314ABC34358A}.Release|Any CPU.ActiveCfg = Release|Any CPU
		{07D56A1B-73F3-415D-8A06-314ABC34358A}.Release|Any CPU.Build.0 = Release|Any CPU
		{489FEE39-CF3D-4CAF-90AD-D30E4F2D9DE0}.Debug|Any CPU.ActiveCfg = Debug|Any CPU
		{489FEE39-CF3D-4CAF-90AD-D30E4F2D9DE0}.Debug|Any CPU.Build.0 = Debug|Any CPU
		{489FEE39-CF3D-4CAF-90AD-D30E4F2D9DE0}.Release|Any CPU.ActiveCfg = Release|Any CPU
		{489FEE39-CF3D-4CAF-90AD-D30E4F2D9DE0}.Release|Any CPU.Build.0 = Release|Any CPU
		{92319BF3-9A6D-4C36-9FEC-96D55DC37F52}.Debug|Any CPU.ActiveCfg = Debug|Any CPU
		{92319BF3-9A6D-4C36-9FEC-96D55DC37F52}.Debug|Any CPU.Build.0 = Debug|Any CPU
		{92319BF3-9A6D-4C36-9FEC-96D55DC37F52}.Release|Any CPU.ActiveCfg = Release|Any CPU
		{92319BF3-9A6D-4C36-9FEC-96D55DC37F52}.Release|Any CPU.Build.0 = Release|Any CPU
		{9BE13E42-001E-462F-B7CB-FF6A8D52FAA1}.Debug|Any CPU.ActiveCfg = Debug|Any CPU
		{9BE13E42-001E-462F-B7CB-FF6A8D52FAA1}.Debug|Any CPU.Build.0 = Debug|Any CPU
		{9BE13E42-001E-462F-B7CB-FF6A8D52FAA1}.Release|Any CPU.ActiveCfg = Release|Any CPU
		{9BE13E42-001E-462F-B7CB-FF6A8D52FAA1}.Release|Any CPU.Build.0 = Release|Any CPU
		{8498F0FE-DB89-455B-A4A5-E49F86DA99A6}.Debug|Any CPU.ActiveCfg = Debug|Any CPU
		{8498F0FE-DB89-455B-A4A5-E49F86DA99A6}.Debug|Any CPU.Build.0 = Debug|Any CPU
		{8498F0FE-DB89-455B-A4A5-E49F86DA99A6}.Release|Any CPU.ActiveCfg = Release|Any CPU
		{8498F0FE-DB89-455B-A4A5-E49F86DA99A6}.Release|Any CPU.Build.0 = Release|Any CPU
		{D654BEF3-B705-4EDF-92E8-8A88A56B0CE1}.Debug|Any CPU.ActiveCfg = Debug|Any CPU
		{D654BEF3-B705-4EDF-92E8-8A88A56B0CE1}.Debug|Any CPU.Build.0 = Debug|Any CPU
		{D654BEF3-B705-4EDF-92E8-8A88A56B0CE1}.Release|Any CPU.ActiveCfg = Release|Any CPU
		{D654BEF3-B705-4EDF-92E8-8A88A56B0CE1}.Release|Any CPU.Build.0 = Release|Any CPU
	EndGlobalSection
EndGlobal
